
Microsoft Visual Studio Solution File, Format Version 12.00
# Visual Studio Version 17
VisualStudioVersion = 17.8.34316.72
MinimumVisualStudioVersion = 10.0.40219.1
Project("{FAE04EC0-301F-11D3-BF4B-00C04F79EFBC}") = "PRN221_FinalProject", "PRN221_FinalProject\PRN221_FinalProject.csproj", "{48137B1E-D71C-4C32-9560-B9BD62BD349C}"
EndProject
Global
	GlobalSection(SolutionConfigurationPlatforms) = preSolution
		Debug|Any CPU = Debug|Any CPU
		Release|Any CPU = Release|Any CPU
	EndGlobalSection
	GlobalSection(ProjectConfigurationPlatforms) = postSolution
		{48137B1E-D71C-4C32-9560-B9BD62BD349C}.Debug|Any CPU.ActiveCfg = Debug|Any CPU
		{48137B1E-D71C-4C32-9560-B9BD62BD349C}.Debug|Any CPU.Build.0 = Debug|Any CPU
		{48137B1E-D71C-4C32-9560-B9BD62BD349C}.Release|Any CPU.ActiveCfg = Release|Any CPU
		{48137B1E-D71C-4C32-9560-B9BD62BD349C}.Release|Any CPU.Build.0 = Release|Any CPU
	EndGlobalSection
	GlobalSection(SolutionProperties) = preSolution
		HideSolutionNode = FALSE
	EndGlobalSection
	GlobalSection(ExtensibilityGlobals) = postSolution
		SolutionGuid = {CB970735-7C51-42F0-9BE8-B2F696171433}
	EndGlobalSection
EndGlobal
